
Microsoft Visual Studio Solution File, Format Version 12.00
# Visual Studio Version 16
VisualStudioVersion = 25.0.1703.8
MinimumVisualStudioVersion = 10.0.40219.1
Project("{FAE04EC0-301F-11D3-BF4B-00C04F79EFBC}") = "no-bueno", "no-bueno.csproj", "{8B8ADAEC-D2B8-47A9-A4BE-F717E23608F9}"
EndProject
Global
	GlobalSection(SolutionConfigurationPlatforms) = preSolution
		Debug|Any CPU = Debug|Any CPU
		Release|Any CPU = Release|Any CPU
	EndGlobalSection
	GlobalSection(ProjectConfigurationPlatforms) = postSolution
		{8B8ADAEC-D2B8-47A9-A4BE-F717E23608F9}.Debug|Any CPU.ActiveCfg = Debug|Any CPU
		{8B8ADAEC-D2B8-47A9-A4BE-F717E23608F9}.Debug|Any CPU.Build.0 = Debug|Any CPU
		{8B8ADAEC-D2B8-47A9-A4BE-F717E23608F9}.Release|Any CPU.ActiveCfg = Release|Any CPU
		{8B8ADAEC-D2B8-47A9-A4BE-F717E23608F9}.Release|Any CPU.Build.0 = Release|Any CPU
	EndGlobalSection
	GlobalSection(SolutionProperties) = preSolution
		HideSolutionNode = FALSE
	EndGlobalSection
	GlobalSection(ExtensibilityGlobals) = postSolution
		SolutionGuid = {82F5FBAD-6B7A-491D-A237-938FDCE6F6CD}
	EndGlobalSection
EndGlobal
